
Microsoft Visual Studio Solution File, Format Version 12.00
# Visual Studio 14
VisualStudioVersion = 14.0.25420.1
MinimumVisualStudioVersion = 10.0.40219.1
Project("{FAE04EC0-301F-11D3-BF4B-00C04F79EFBC}") = "Demo_WebApp", "Demo_WebApp\Demo_WebApp.csproj", "{0BB3877E-C00C-4793-8576-6E65517FA2DE}"
EndProject
Global
	GlobalSection(SolutionConfigurationPlatforms) = preSolution
		Debug|Any CPU = Debug|Any CPU
		Release|Any CPU = Release|Any CPU
	EndGlobalSection
	GlobalSection(ProjectConfigurationPlatforms) = postSolution
		{0BB3877E-C00C-4793-8576-6E65517FA2DE}.Debug|Any CPU.ActiveCfg = Release|Any CPU
		{0BB3877E-C00C-4793-8576-6E65517FA2DE}.Debug|Any CPU.Build.0 = Release|Any CPU
		{0BB3877E-C00C-4793-8576-6E65517FA2DE}.Debug|Any CPU.Deploy.0 = Release|Any CPU
		{0BB3877E-C00C-4793-8576-6E65517FA2DE}.Release|Any CPU.ActiveCfg = Release|Any CPU
		{0BB3877E-C00C-4793-8576-6E65517FA2DE}.Release|Any CPU.Build.0 = Release|Any CPU
		{0BB3877E-C00C-4793-8576-6E65517FA2DE}.Release|Any CPU.Deploy.0 = Release|Any CPU
	EndGlobalSection
	GlobalSection(SolutionProperties) = preSolution
		HideSolutionNode = FALSE
	EndGlobalSection
EndGlobal
